// !$*UTF8*$!
{
	archiveVersion = 1;
	classes = {
	};
	objectVersion = 46;
	objects = {

/* Begin PBXBuildFile section */
		84B6FF2B1988B14400B7D528 /* README.md in Resources */ = {isa = PBXBuildFile; fileRef = 84B6FF181988B14400B7D528 /* README.md */; };
		84B6FF2C1988B14400B7D528 /* SBJson4Parser.m in Sources */ = {isa = PBXBuildFile; fileRef = 84B6FF1E1988B14400B7D528 /* SBJson4Parser.m */; };
		84B6FF2D1988B14400B7D528 /* SBJson4StreamParser.m in Sources */ = {isa = PBXBuildFile; fileRef = 84B6FF201988B14400B7D528 /* SBJson4StreamParser.m */; };
		84B6FF2E1988B14400B7D528 /* SBJson4StreamParserState.m in Sources */ = {isa = PBXBuildFile; fileRef = 84B6FF221988B14400B7D528 /* SBJson4StreamParserState.m */; };
		84B6FF2F1988B14400B7D528 /* SBJson4StreamTokeniser.m in Sources */ = {isa = PBXBuildFile; fileRef = 84B6FF241988B14400B7D528 /* SBJson4StreamTokeniser.m */; };
		84B6FF301988B14400B7D528 /* SBJson4StreamWriter.m in Sources */ = {isa = PBXBuildFile; fileRef = 84B6FF261988B14400B7D528 /* SBJson4StreamWriter.m */; };
		84B6FF311988B14400B7D528 /* SBJson4StreamWriterState.m in Sources */ = {isa = PBXBuildFile; fileRef = 84B6FF281988B14400B7D528 /* SBJson4StreamWriterState.m */; };
		84B6FF321988B14400B7D528 /* SBJson4Writer.m in Sources */ = {isa = PBXBuildFile; fileRef = 84B6FF2A1988B14400B7D528 /* SBJson4Writer.m */; };
		E904E1501894FC0C001141A4 /* Default-568h@2x.png in Resources */ = {isa = PBXBuildFile; fileRef = E904E14F1894FC0C001141A4 /* Default-568h@2x.png */; };
		E90D6D561890F3500079E8D9 /* ASRDialogViewController.m in Sources */ = {isa = PBXBuildFile; fileRef = E90D6D551890F3500079E8D9 /* ASRDialogViewController.m */; };
		E9168B8117F29792000C2446 /* AlertView.m in Sources */ = {isa = PBXBuildFile; fileRef = E9168B8017F29792000C2446 /* AlertView.m */; };
		E91FAE7B18BB258D006095CD /* AFRViewController.m in Sources */ = {isa = PBXBuildFile; fileRef = E91FAE7A18BB258D006095CD /* AFRViewController.m */; };
		E931A15E17602FEB0077E502 /* ISRViewController.m in Sources */ = {isa = PBXBuildFile; fileRef = E931A15D17602FEB0077E502 /* ISRViewController.m */; };
		E931A1601760555A0077E502 /* QuartzCore.framework in Frameworks */ = {isa = PBXBuildFile; fileRef = E931A15F176055590077E502 /* QuartzCore.framework */; };
		E931A16317606B9D0077E502 /* ASRViewController.m in Sources */ = {isa = PBXBuildFile; fileRef = E931A16217606B9D0077E502 /* ASRViewController.m */; };
		E931A169176074D10077E502 /* ABNFViewController.m in Sources */ = {isa = PBXBuildFile; fileRef = E931A168176074D10077E502 /* ABNFViewController.m */; };
		E931A16C1760764D0077E502 /* TTSViewController.m in Sources */ = {isa = PBXBuildFile; fileRef = E931A16B1760764D0077E502 /* TTSViewController.m */; };
		E9706F37175F383E003B76FC /* UIKit.framework in Frameworks */ = {isa = PBXBuildFile; fileRef = E9706F36175F383E003B76FC /* UIKit.framework */; };
		E9706F39175F383E003B76FC /* Foundation.framework in Frameworks */ = {isa = PBXBuildFile; fileRef = E9706F38175F383E003B76FC /* Foundation.framework */; };
		E9706F3B175F383E003B76FC /* CoreGraphics.framework in Frameworks */ = {isa = PBXBuildFile; fileRef = E9706F3A175F383E003B76FC /* CoreGraphics.framework */; };
		E9706F41175F383E003B76FC /* InfoPlist.strings in Resources */ = {isa = PBXBuildFile; fileRef = E9706F3F175F383E003B76FC /* InfoPlist.strings */; };
		E9706F43175F383E003B76FC /* main.m in Sources */ = {isa = PBXBuildFile; fileRef = E9706F42175F383E003B76FC /* main.m */; };
		E9706F47175F383E003B76FC /* MSCAppDelegate.m in Sources */ = {isa = PBXBuildFile; fileRef = E9706F46175F383E003B76FC /* MSCAppDelegate.m */; };
		E99CBC561762DB170050565D /* AddressBook.framework in Frameworks */ = {isa = PBXBuildFile; fileRef = E99CBC551762DB170050565D /* AddressBook.framework */; };
		E99D762B1761ABBF005A02FD /* AudioToolbox.framework in Frameworks */ = {isa = PBXBuildFile; fileRef = E99D762A1761ABBF005A02FD /* AudioToolbox.framework */; };
		E99D762C1761ABFE005A02FD /* SystemConfiguration.framework in Frameworks */ = {isa = PBXBuildFile; fileRef = E99D76281761AA8F005A02FD /* SystemConfiguration.framework */; };
		E99D762F1761B9EC005A02FD /* PopupView.m in Sources */ = {isa = PBXBuildFile; fileRef = E99D762E1761B9EC005A02FD /* PopupView.m */; };
		E99E1DE4176018A8002200A6 /* RootViewController.m in Sources */ = {isa = PBXBuildFile; fileRef = E99E1DE3176018A8002200A6 /* RootViewController.m */; };
		E99EFD81176413280079CDFB /* RecognizerFactory.m in Sources */ = {isa = PBXBuildFile; fileRef = E99EFD80176413280079CDFB /* RecognizerFactory.m */; };
		E99EFD8417641AF30079CDFB /* logo57.png in Resources */ = {isa = PBXBuildFile; fileRef = E99EFD8317641AF30079CDFB /* logo57.png */; };
		E9A61E82176EBB19003D6B53 /* UIPlaceHolderTextView.m in Sources */ = {isa = PBXBuildFile; fileRef = E9A61E81176EBB19003D6B53 /* UIPlaceHolderTextView.m */; };
		E9B33D3317E29F4C006B83C9 /* libz.dylib in Frameworks */ = {isa = PBXBuildFile; fileRef = E9B33D3217E29F4C006B83C9 /* libz.dylib */; };
		EF18454E1831D10B00C8068F /* AVFoundation.framework in Frameworks */ = {isa = PBXBuildFile; fileRef = EF18454D1831D10B00C8068F /* AVFoundation.framework */; };
		EF1C1A30190A5EE400881572 /* TextUnderstanderViewController.m in Sources */ = {isa = PBXBuildFile; fileRef = EF1C1A2F190A5EE400881572 /* TextUnderstanderViewController.m */; };
		EF300D2F197D3DC000CC67D2 /* ivwres in Resources */ = {isa = PBXBuildFile; fileRef = EF300D2E197D3DC000CC67D2 /* ivwres */; };
		EF3B6DFF19677C7300F10DE0 /* ISRDataHelper.m in Sources */ = {isa = PBXBuildFile; fileRef = EF3B6DFE19677C7300F10DE0 /* ISRDataHelper.m */; };
		EF52C29F186319ED00926228 /* iflyMSC.framework in Frameworks */ = {isa = PBXBuildFile; fileRef = EF52C29E186319EC00926228 /* iflyMSC.framework */; };
		EF706D58196D77A400D527A1 /* IVWViewController.m in Sources */ = {isa = PBXBuildFile; fileRef = EF706D57196D77A400D527A1 /* IVWViewController.m */; };
		EFCE18E818D7D9DD00ED3506 /* UnderstandViewController.m in Sources */ = {isa = PBXBuildFile; fileRef = EFCE18E718D7D9DD00ED3506 /* UnderstandViewController.m */; };
/* End PBXBuildFile section */

/* Begin PBXFileReference section */
		84B6FF181988B14400B7D528 /* README.md */ = {isa = PBXFileReference; fileEncoding = 4; lastKnownFileType = text; path = README.md; sourceTree = "<group>"; };
		84B6FF1C1988B14400B7D528 /* SBJson4.h */ = {isa = PBXFileReference; fileEncoding = 4; lastKnownFileType = sourcecode.c.h; path = SBJson4.h; sourceTree = "<group>"; };
		84B6FF1D1988B14400B7D528 /* SBJson4Parser.h */ = {isa = PBXFileReference; fileEncoding = 4; lastKnownFileType = sourcecode.c.h; path = SBJson4Parser.h; sourceTree = "<group>"; };
		84B6FF1E1988B14400B7D528 /* SBJson4Parser.m */ = {isa = PBXFileReference; fileEncoding = 4; lastKnownFileType = sourcecode.c.objc; path = SBJson4Parser.m; sourceTree = "<group>"; };
		84B6FF1F1988B14400B7D528 /* SBJson4StreamParser.h */ = {isa = PBXFileReference; fileEncoding = 4; lastKnownFileType = sourcecode.c.h; path = SBJson4StreamParser.h; sourceTree = "<group>"; };
		84B6FF201988B14400B7D528 /* SBJson4StreamParser.m */ = {isa = PBXFileReference; fileEncoding = 4; lastKnownFileType = sourcecode.c.objc; path = SBJson4StreamParser.m; sourceTree = "<group>"; };
		84B6FF211988B14400B7D528 /* SBJson4StreamParserState.h */ = {isa = PBXFileReference; fileEncoding = 4; lastKnownFileType = sourcecode.c.h; path = SBJson4StreamParserState.h; sourceTree = "<group>"; };
		84B6FF221988B14400B7D528 /* SBJson4StreamParserState.m */ = {isa = PBXFileReference; fileEncoding = 4; lastKnownFileType = sourcecode.c.objc; path = SBJson4StreamParserState.m; sourceTree = "<group>"; };
		84B6FF231988B14400B7D528 /* SBJson4StreamTokeniser.h */ = {isa = PBXFileReference; fileEncoding = 4; lastKnownFileType = sourcecode.c.h; path = SBJson4StreamTokeniser.h; sourceTree = "<group>"; };
		84B6FF241988B14400B7D528 /* SBJson4StreamTokeniser.m */ = {isa = PBXFileReference; fileEncoding = 4; lastKnownFileType = sourcecode.c.objc; path = SBJson4StreamTokeniser.m; sourceTree = "<group>"; };
		84B6FF251988B14400B7D528 /* SBJson4StreamWriter.h */ = {isa = PBXFileReference; fileEncoding = 4; lastKnownFileType = sourcecode.c.h; path = SBJson4StreamWriter.h; sourceTree = "<group>"; };
		84B6FF261988B14400B7D528 /* SBJson4StreamWriter.m */ = {isa = PBXFileReference; fileEncoding = 4; lastKnownFileType = sourcecode.c.objc; path = SBJson4StreamWriter.m; sourceTree = "<group>"; };
		84B6FF271988B14400B7D528 /* SBJson4StreamWriterState.h */ = {isa = PBXFileReference; fileEncoding = 4; lastKnownFileType = sourcecode.c.h; path = SBJson4StreamWriterState.h; sourceTree = "<group>"; };
		84B6FF281988B14400B7D528 /* SBJson4StreamWriterState.m */ = {isa = PBXFileReference; fileEncoding = 4; lastKnownFileType = sourcecode.c.objc; path = SBJson4StreamWriterState.m; sourceTree = "<group>"; };
		84B6FF291988B14400B7D528 /* SBJson4Writer.h */ = {isa = PBXFileReference; fileEncoding = 4; lastKnownFileType = sourcecode.c.h; path = SBJson4Writer.h; sourceTree = "<group>"; };
		84B6FF2A1988B14400B7D528 /* SBJson4Writer.m */ = {isa = PBXFileReference; fileEncoding = 4; lastKnownFileType = sourcecode.c.objc; path = SBJson4Writer.m; sourceTree = "<group>"; };
		E904E14F1894FC0C001141A4 /* Default-568h@2x.png */ = {isa = PBXFileReference; lastKnownFileType = image.png; path = "Default-568h@2x.png"; sourceTree = "<group>"; };
		E90D6D541890F3500079E8D9 /* ASRDialogViewController.h */ = {isa = PBXFileReference; fileEncoding = 4; lastKnownFileType = sourcecode.c.h; path = ASRDialogViewController.h; sourceTree = "<group>"; };
		E90D6D551890F3500079E8D9 /* ASRDialogViewController.m */ = {isa = PBXFileReference; fileEncoding = 4; lastKnownFileType = sourcecode.c.objc; path = ASRDialogViewController.m; sourceTree = "<group>"; };
		E9168B7F17F29792000C2446 /* AlertView.h */ = {isa = PBXFileReference; fileEncoding = 4; lastKnownFileType = sourcecode.c.h; path = AlertView.h; sourceTree = "<group>"; };
		E9168B8017F29792000C2446 /* AlertView.m */ = {isa = PBXFileReference; fileEncoding = 4; lastKnownFileType = sourcecode.c.objc; path = AlertView.m; sourceTree = "<group>"; };
		E91FAE7918BB258D006095CD /* AFRViewController.h */ = {isa = PBXFileReference; fileEncoding = 4; lastKnownFileType = sourcecode.c.h; path = AFRViewController.h; sourceTree = "<group>"; };
		E91FAE7A18BB258D006095CD /* AFRViewController.m */ = {isa = PBXFileReference; fileEncoding = 4; lastKnownFileType = sourcecode.c.objc; path = AFRViewController.m; sourceTree = "<group>"; };
		E931A15C17602FEB0077E502 /* ISRViewController.h */ = {isa = PBXFileReference; fileEncoding = 4; lastKnownFileType = sourcecode.c.h; path = ISRViewController.h; sourceTree = "<group>"; };
		E931A15D17602FEB0077E502 /* ISRViewController.m */ = {isa = PBXFileReference; fileEncoding = 4; lastKnownFileType = sourcecode.c.objc; path = ISRViewController.m; sourceTree = "<group>"; };
		E931A15F176055590077E502 /* QuartzCore.framework */ = {isa = PBXFileReference; lastKnownFileType = wrapper.framework; name = QuartzCore.framework; path = System/Library/Frameworks/QuartzCore.framework; sourceTree = SDKROOT; };
		E931A16117606B9D0077E502 /* ASRViewController.h */ = {isa = PBXFileReference; fileEncoding = 4; lastKnownFileType = sourcecode.c.h; path = ASRViewController.h; sourceTree = "<group>"; };
		E931A16217606B9D0077E502 /* ASRViewController.m */ = {isa = PBXFileReference; fileEncoding = 4; lastKnownFileType = sourcecode.c.objc; path = ASRViewController.m; sourceTree = "<group>"; };
		E931A16417606CF20077E502 /* Definition.h */ = {isa = PBXFileReference; fileEncoding = 4; lastKnownFileType = sourcecode.c.h; path = Definition.h; sourceTree = "<group>"; };
		E931A167176074D10077E502 /* ABNFViewController.h */ = {isa = PBXFileReference; fileEncoding = 4; lastKnownFileType = sourcecode.c.h; path = ABNFViewController.h; sourceTree = "<group>"; };
		E931A168176074D10077E502 /* ABNFViewController.m */ = {isa = PBXFileReference; fileEncoding = 4; lastKnownFileType = sourcecode.c.objc; path = ABNFViewController.m; sourceTree = "<group>"; };
		E931A16A1760764D0077E502 /* TTSViewController.h */ = {isa = PBXFileReference; fileEncoding = 4; lastKnownFileType = sourcecode.c.h; path = TTSViewController.h; sourceTree = "<group>"; };
		E931A16B1760764D0077E502 /* TTSViewController.m */ = {isa = PBXFileReference; fileEncoding = 4; lastKnownFileType = sourcecode.c.objc; path = TTSViewController.m; sourceTree = "<group>"; };
		E9706F32175F383E003B76FC /* MSCDemo_UI.app */ = {isa = PBXFileReference; explicitFileType = wrapper.application; includeInIndex = 0; path = MSCDemo_UI.app; sourceTree = BUILT_PRODUCTS_DIR; };
		E9706F36175F383E003B76FC /* UIKit.framework */ = {isa = PBXFileReference; lastKnownFileType = wrapper.framework; name = UIKit.framework; path = System/Library/Frameworks/UIKit.framework; sourceTree = SDKROOT; };
		E9706F38175F383E003B76FC /* Foundation.framework */ = {isa = PBXFileReference; lastKnownFileType = wrapper.framework; name = Foundation.framework; path = System/Library/Frameworks/Foundation.framework; sourceTree = SDKROOT; };
		E9706F3A175F383E003B76FC /* CoreGraphics.framework */ = {isa = PBXFileReference; lastKnownFileType = wrapper.framework; name = CoreGraphics.framework; path = System/Library/Frameworks/CoreGraphics.framework; sourceTree = SDKROOT; };
		E9706F3E175F383E003B76FC /* MSCDemo_UI-Info.plist */ = {isa = PBXFileReference; lastKnownFileType = text.plist.xml; path = "MSCDemo_UI-Info.plist"; sourceTree = "<group>"; };
		E9706F40175F383E003B76FC /* en */ = {isa = PBXFileReference; lastKnownFileType = text.plist.strings; name = en; path = en.lproj/InfoPlist.strings; sourceTree = "<group>"; };
		E9706F42175F383E003B76FC /* main.m */ = {isa = PBXFileReference; lastKnownFileType = sourcecode.c.objc; path = main.m; sourceTree = "<group>"; };
		E9706F44175F383E003B76FC /* MSCDemo-Prefix.pch */ = {isa = PBXFileReference; lastKnownFileType = sourcecode.c.h; path = "MSCDemo-Prefix.pch"; sourceTree = "<group>"; };
		E9706F45175F383E003B76FC /* MSCAppDelegate.h */ = {isa = PBXFileReference; lastKnownFileType = sourcecode.c.h; path = MSCAppDelegate.h; sourceTree = "<group>"; };
		E9706F46175F383E003B76FC /* MSCAppDelegate.m */ = {isa = PBXFileReference; lastKnownFileType = sourcecode.c.objc; path = MSCAppDelegate.m; sourceTree = "<group>"; };
		E99CBC551762DB170050565D /* AddressBook.framework */ = {isa = PBXFileReference; lastKnownFileType = wrapper.framework; name = AddressBook.framework; path = System/Library/Frameworks/AddressBook.framework; sourceTree = SDKROOT; };
		E99D76281761AA8F005A02FD /* SystemConfiguration.framework */ = {isa = PBXFileReference; lastKnownFileType = wrapper.framework; name = SystemConfiguration.framework; path = System/Library/Frameworks/SystemConfiguration.framework; sourceTree = SDKROOT; };
		E99D762A1761ABBF005A02FD /* AudioToolbox.framework */ = {isa = PBXFileReference; lastKnownFileType = wrapper.framework; name = AudioToolbox.framework; path = System/Library/Frameworks/AudioToolbox.framework; sourceTree = SDKROOT; };
		E99D762D1761B9EC005A02FD /* PopupView.h */ = {isa = PBXFileReference; fileEncoding = 4; lastKnownFileType = sourcecode.c.h; path = PopupView.h; sourceTree = "<group>"; };
		E99D762E1761B9EC005A02FD /* PopupView.m */ = {isa = PBXFileReference; fileEncoding = 4; lastKnownFileType = sourcecode.c.objc; path = PopupView.m; sourceTree = "<group>"; };
		E99E1DE2176018A8002200A6 /* RootViewController.h */ = {isa = PBXFileReference; fileEncoding = 4; lastKnownFileType = sourcecode.c.h; name = RootViewController.h; path = ../RootViewController.h; sourceTree = "<group>"; };
		E99E1DE3176018A8002200A6 /* RootViewController.m */ = {isa = PBXFileReference; fileEncoding = 4; lastKnownFileType = sourcecode.c.objc; name = RootViewController.m; path = ../RootViewController.m; sourceTree = "<group>"; };
		E99EFD7F176413280079CDFB /* RecognizerFactory.h */ = {isa = PBXFileReference; fileEncoding = 4; lastKnownFileType = sourcecode.c.h; path = RecognizerFactory.h; sourceTree = "<group>"; };
		E99EFD80176413280079CDFB /* RecognizerFactory.m */ = {isa = PBXFileReference; fileEncoding = 4; lastKnownFileType = sourcecode.c.objc; path = RecognizerFactory.m; sourceTree = "<group>"; };
		E99EFD8317641AF30079CDFB /* logo57.png */ = {isa = PBXFileReference; lastKnownFileType = image.png; path = logo57.png; sourceTree = "<group>"; };
		E9A61E80176EBB19003D6B53 /* UIPlaceHolderTextView.h */ = {isa = PBXFileReference; fileEncoding = 4; lastKnownFileType = sourcecode.c.h; path = UIPlaceHolderTextView.h; sourceTree = "<group>"; };
		E9A61E81176EBB19003D6B53 /* UIPlaceHolderTextView.m */ = {isa = PBXFileReference; fileEncoding = 4; lastKnownFileType = sourcecode.c.objc; path = UIPlaceHolderTextView.m; sourceTree = "<group>"; };
		E9B33D3217E29F4C006B83C9 /* libz.dylib */ = {isa = PBXFileReference; lastKnownFileType = "compiled.mach-o.dylib"; name = libz.dylib; path = usr/lib/libz.dylib; sourceTree = SDKROOT; };
		EF18454D1831D10B00C8068F /* AVFoundation.framework */ = {isa = PBXFileReference; lastKnownFileType = wrapper.framework; name = AVFoundation.framework; path = System/Library/Frameworks/AVFoundation.framework; sourceTree = SDKROOT; };
		EF1C1A2E190A5EE400881572 /* TextUnderstanderViewController.h */ = {isa = PBXFileReference; fileEncoding = 4; lastKnownFileType = sourcecode.c.h; path = TextUnderstanderViewController.h; sourceTree = "<group>"; };
		EF1C1A2F190A5EE400881572 /* TextUnderstanderViewController.m */ = {isa = PBXFileReference; fileEncoding = 4; lastKnownFileType = sourcecode.c.objc; path = TextUnderstanderViewController.m; sourceTree = "<group>"; };
		EF300D2E197D3DC000CC67D2 /* ivwres */ = {isa = PBXFileReference; lastKnownFileType = folder; path = ivwres; sourceTree = SOURCE_ROOT; };
		EF3B6DFD19677C7300F10DE0 /* ISRDataHelper.h */ = {isa = PBXFileReference; fileEncoding = 4; lastKnownFileType = sourcecode.c.h; path = ISRDataHelper.h; sourceTree = "<group>"; };
		EF3B6DFE19677C7300F10DE0 /* ISRDataHelper.m */ = {isa = PBXFileReference; fileEncoding = 4; lastKnownFileType = sourcecode.c.objc; path = ISRDataHelper.m; sourceTree = "<group>"; };
		EF52C29E186319EC00926228 /* iflyMSC.framework */ = {isa = PBXFileReference; lastKnownFileType = wrapper.framework; name = iflyMSC.framework; path = ../../lib/iflyMSC.framework; sourceTree = "<group>"; };
		EF706D56196D77A400D527A1 /* IVWViewController.h */ = {isa = PBXFileReference; fileEncoding = 4; lastKnownFileType = sourcecode.c.h; path = IVWViewController.h; sourceTree = "<group>"; };
		EF706D57196D77A400D527A1 /* IVWViewController.m */ = {isa = PBXFileReference; fileEncoding = 4; lastKnownFileType = sourcecode.c.objc; path = IVWViewController.m; sourceTree = "<group>"; };
		EFCE18E618D7D9DD00ED3506 /* UnderstandViewController.h */ = {isa = PBXFileReference; fileEncoding = 4; lastKnownFileType = sourcecode.c.h; path = UnderstandViewController.h; sourceTree = "<group>"; };
		EFCE18E718D7D9DD00ED3506 /* UnderstandViewController.m */ = {isa = PBXFileReference; fileEncoding = 4; lastKnownFileType = sourcecode.c.objc; path = UnderstandViewController.m; sourceTree = "<group>"; };
/* End PBXFileReference section */

/* Begin PBXFrameworksBuildPhase section */
		E9706F2F175F383E003B76FC /* Frameworks */ = {
			isa = PBXFrameworksBuildPhase;
			buildActionMask = 2147483647;
			files = (
				EF18454E1831D10B00C8068F /* AVFoundation.framework in Frameworks */,
				E9B33D3317E29F4C006B83C9 /* libz.dylib in Frameworks */,
				E99CBC561762DB170050565D /* AddressBook.framework in Frameworks */,
				E99D762C1761ABFE005A02FD /* SystemConfiguration.framework in Frameworks */,
				E99D762B1761ABBF005A02FD /* AudioToolbox.framework in Frameworks */,
				E931A1601760555A0077E502 /* QuartzCore.framework in Frameworks */,
				E9706F37175F383E003B76FC /* UIKit.framework in Frameworks */,
				E9706F39175F383E003B76FC /* Foundation.framework in Frameworks */,
				EF52C29F186319ED00926228 /* iflyMSC.framework in Frameworks */,
				E9706F3B175F383E003B76FC /* CoreGraphics.framework in Frameworks */,
			);
			runOnlyForDeploymentPostprocessing = 0;
		};
/* End PBXFrameworksBuildPhase section */

/* Begin PBXGroup section */
		84B6FF171988B14400B7D528 /* SBJson */ = {
			isa = PBXGroup;
			children = (
				84B6FF181988B14400B7D528 /* README.md */,
				84B6FF191988B14400B7D528 /* src */,
			);
			path = SBJson;
			sourceTree = "<group>";
		};
		84B6FF191988B14400B7D528 /* src */ = {
			isa = PBXGroup;
			children = (
				84B6FF1A1988B14400B7D528 /* main */,
			);
			path = src;
			sourceTree = "<group>";
		};
		84B6FF1A1988B14400B7D528 /* main */ = {
			isa = PBXGroup;
			children = (
				84B6FF1B1988B14400B7D528 /* objc */,
			);
			path = main;
			sourceTree = "<group>";
		};
		84B6FF1B1988B14400B7D528 /* objc */ = {
			isa = PBXGroup;
			children = (
				84B6FF1C1988B14400B7D528 /* SBJson4.h */,
				84B6FF1D1988B14400B7D528 /* SBJson4Parser.h */,
				84B6FF1E1988B14400B7D528 /* SBJson4Parser.m */,
				84B6FF1F1988B14400B7D528 /* SBJson4StreamParser.h */,
				84B6FF201988B14400B7D528 /* SBJson4StreamParser.m */,
				84B6FF211988B14400B7D528 /* SBJson4StreamParserState.h */,
				84B6FF221988B14400B7D528 /* SBJson4StreamParserState.m */,
				84B6FF231988B14400B7D528 /* SBJson4StreamTokeniser.h */,
				84B6FF241988B14400B7D528 /* SBJson4StreamTokeniser.m */,
				84B6FF251988B14400B7D528 /* SBJson4StreamWriter.h */,
				84B6FF261988B14400B7D528 /* SBJson4StreamWriter.m */,
				84B6FF271988B14400B7D528 /* SBJson4StreamWriterState.h */,
				84B6FF281988B14400B7D528 /* SBJson4StreamWriterState.m */,
				84B6FF291988B14400B7D528 /* SBJson4Writer.h */,
				84B6FF2A1988B14400B7D528 /* SBJson4Writer.m */,
			);
			path = objc;
			sourceTree = "<group>";
		};
		E9706F27175F383E003B76FC = {
			isa = PBXGroup;
			children = (
				E904E14F1894FC0C001141A4 /* Default-568h@2x.png */,
				E99EFD8317641AF30079CDFB /* logo57.png */,
				E9706F3C175F383E003B76FC /* MSCDemo */,
				E9706F35175F383E003B76FC /* Frameworks */,
				E9706F33175F383E003B76FC /* Products */,
			);
			sourceTree = "<group>";
		};
		E9706F33175F383E003B76FC /* Products */ = {
			isa = PBXGroup;
			children = (
				E9706F32175F383E003B76FC /* MSCDemo_UI.app */,
			);
			name = Products;
			sourceTree = "<group>";
		};
		E9706F35175F383E003B76FC /* Frameworks */ = {
			isa = PBXGroup;
			children = (
				EF52C29E186319EC00926228 /* iflyMSC.framework */,
				EF18454D1831D10B00C8068F /* AVFoundation.framework */,
				E9B33D3217E29F4C006B83C9 /* libz.dylib */,
				E99CBC551762DB170050565D /* AddressBook.framework */,
				E99D762A1761ABBF005A02FD /* AudioToolbox.framework */,
				E99D76281761AA8F005A02FD /* SystemConfiguration.framework */,
				E931A15F176055590077E502 /* QuartzCore.framework */,
				E9706F36175F383E003B76FC /* UIKit.framework */,
				E9706F38175F383E003B76FC /* Foundation.framework */,
				E9706F3A175F383E003B76FC /* CoreGraphics.framework */,
			);
			name = Frameworks;
			sourceTree = "<group>";
		};
		E9706F3C175F383E003B76FC /* MSCDemo */ = {
			isa = PBXGroup;
			children = (
				84B6FF171988B14400B7D528 /* SBJson */,
				E9706F45175F383E003B76FC /* MSCAppDelegate.h */,
				E9706F46175F383E003B76FC /* MSCAppDelegate.m */,
				E99E1DE2176018A8002200A6 /* RootViewController.h */,
				E99E1DE3176018A8002200A6 /* RootViewController.m */,
				E9706F3D175F383E003B76FC /* Supporting Files */,
				E931A15C17602FEB0077E502 /* ISRViewController.h */,
				E931A15D17602FEB0077E502 /* ISRViewController.m */,
				EF706D56196D77A400D527A1 /* IVWViewController.h */,
				EF706D57196D77A400D527A1 /* IVWViewController.m */,
				EFCE18E618D7D9DD00ED3506 /* UnderstandViewController.h */,
				EFCE18E718D7D9DD00ED3506 /* UnderstandViewController.m */,
				EF1C1A2E190A5EE400881572 /* TextUnderstanderViewController.h */,
				EF1C1A2F190A5EE400881572 /* TextUnderstanderViewController.m */,
				E931A16117606B9D0077E502 /* ASRViewController.h */,
				E931A16217606B9D0077E502 /* ASRViewController.m */,
				E90D6D541890F3500079E8D9 /* ASRDialogViewController.h */,
				E90D6D551890F3500079E8D9 /* ASRDialogViewController.m */,
				E931A16417606CF20077E502 /* Definition.h */,
				E931A167176074D10077E502 /* ABNFViewController.h */,
				E931A168176074D10077E502 /* ABNFViewController.m */,
				E931A16A1760764D0077E502 /* TTSViewController.h */,
				E931A16B1760764D0077E502 /* TTSViewController.m */,
				E99EFD7F176413280079CDFB /* RecognizerFactory.h */,
				E99EFD80176413280079CDFB /* RecognizerFactory.m */,
				EF3B6DFD19677C7300F10DE0 /* ISRDataHelper.h */,
				EF3B6DFE19677C7300F10DE0 /* ISRDataHelper.m */,
				E91FAE7918BB258D006095CD /* AFRViewController.h */,
				E91FAE7A18BB258D006095CD /* AFRViewController.m */,
				EF300D2E197D3DC000CC67D2 /* ivwres */,
				E9A61E84176EE3AA003D6B53 /* View */,
			);
			path = MSCDemo;
			sourceTree = "<group>";
		};
		E9706F3D175F383E003B76FC /* Supporting Files */ = {
			isa = PBXGroup;
			children = (
				E9706F3E175F383E003B76FC /* MSCDemo_UI-Info.plist */,
				E9706F3F175F383E003B76FC /* InfoPlist.strings */,
				E9706F42175F383E003B76FC /* main.m */,
				E9706F44175F383E003B76FC /* MSCDemo-Prefix.pch */,
			);
			name = "Supporting Files";
			sourceTree = "<group>";
		};
		E9A61E84176EE3AA003D6B53 /* View */ = {
			isa = PBXGroup;
			children = (
				E9168B7F17F29792000C2446 /* AlertView.h */,
				E9168B8017F29792000C2446 /* AlertView.m */,
				E99D762D1761B9EC005A02FD /* PopupView.h */,
				E99D762E1761B9EC005A02FD /* PopupView.m */,
				E9A61E80176EBB19003D6B53 /* UIPlaceHolderTextView.h */,
				E9A61E81176EBB19003D6B53 /* UIPlaceHolderTextView.m */,
			);
			name = View;
			sourceTree = "<group>";
		};
/* End PBXGroup section */

/* Begin PBXNativeTarget section */
		E9706F31175F383E003B76FC /* MSCDemo_UI */ = {
			isa = PBXNativeTarget;
			buildConfigurationList = E9706F53175F383E003B76FC /* Build configuration list for PBXNativeTarget "MSCDemo_UI" */;
			buildPhases = (
				E9706F2E175F383E003B76FC /* Sources */,
				E9706F2F175F383E003B76FC /* Frameworks */,
				E9706F30175F383E003B76FC /* Resources */,
			);
			buildRules = (
			);
			dependencies = (
			);
			name = MSCDemo_UI;
			productName = MSCDemo;
			productReference = E9706F32175F383E003B76FC /* MSCDemo_UI.app */;
			productType = "com.apple.product-type.application";
		};
/* End PBXNativeTarget section */

/* Begin PBXProject section */
		E9706F29175F383E003B76FC /* Project object */ = {
			isa = PBXProject;
			attributes = {
				LastUpgradeCheck = 0510;
				TargetAttributes = {
					E9706F31175F383E003B76FC = {
						DevelopmentTeam = 957FJVBDCZ;
					};
				};
			};
			buildConfigurationList = E9706F2C175F383E003B76FC /* Build configuration list for PBXProject "MSCDemo_UI" */;
			compatibilityVersion = "Xcode 3.2";
			developmentRegion = English;
			hasScannedForEncodings = 0;
			knownRegions = (
				en,
			);
			mainGroup = E9706F27175F383E003B76FC;
			productRefGroup = E9706F33175F383E003B76FC /* Products */;
			projectDirPath = "";
			projectRoot = "";
			targets = (
				E9706F31175F383E003B76FC /* MSCDemo_UI */,
			);
		};
/* End PBXProject section */

/* Begin PBXResourcesBuildPhase section */
		E9706F30175F383E003B76FC /* Resources */ = {
			isa = PBXResourcesBuildPhase;
			buildActionMask = 2147483647;
			files = (
				EF300D2F197D3DC000CC67D2 /* ivwres in Resources */,
				E9706F41175F383E003B76FC /* InfoPlist.strings in Resources */,
				84B6FF2B1988B14400B7D528 /* README.md in Resources */,
				E99EFD8417641AF30079CDFB /* logo57.png in Resources */,
				E904E1501894FC0C001141A4 /* Default-568h@2x.png in Resources */,
			);
			runOnlyForDeploymentPostprocessing = 0;
		};
/* End PBXResourcesBuildPhase section */

/* Begin PBXSourcesBuildPhase section */
		E9706F2E175F383E003B76FC /* Sources */ = {
			isa = PBXSourcesBuildPhase;
			buildActionMask = 2147483647;
			files = (
				E9706F43175F383E003B76FC /* main.m in Sources */,
				E9706F47175F383E003B76FC /* MSCAppDelegate.m in Sources */,
				84B6FF2F1988B14400B7D528 /* SBJson4StreamTokeniser.m in Sources */,
				84B6FF2D1988B14400B7D528 /* SBJson4StreamParser.m in Sources */,
				EF3B6DFF19677C7300F10DE0 /* ISRDataHelper.m in Sources */,
				E99E1DE4176018A8002200A6 /* RootViewController.m in Sources */,
				E931A15E17602FEB0077E502 /* ISRViewController.m in Sources */,
				E931A16317606B9D0077E502 /* ASRViewController.m in Sources */,
				E931A169176074D10077E502 /* ABNFViewController.m in Sources */,
				E91FAE7B18BB258D006095CD /* AFRViewController.m in Sources */,
				84B6FF321988B14400B7D528 /* SBJson4Writer.m in Sources */,
				E931A16C1760764D0077E502 /* TTSViewController.m in Sources */,
				E99D762F1761B9EC005A02FD /* PopupView.m in Sources */,
				E99EFD81176413280079CDFB /* RecognizerFactory.m in Sources */,
				EF706D58196D77A400D527A1 /* IVWViewController.m in Sources */,
				84B6FF311988B14400B7D528 /* SBJson4StreamWriterState.m in Sources */,
				84B6FF2C1988B14400B7D528 /* SBJson4Parser.m in Sources */,
				84B6FF2E1988B14400B7D528 /* SBJson4StreamParserState.m in Sources */,
				E9A61E82176EBB19003D6B53 /* UIPlaceHolderTextView.m in Sources */,
				EF1C1A30190A5EE400881572 /* TextUnderstanderViewController.m in Sources */,
				84B6FF301988B14400B7D528 /* SBJson4StreamWriter.m in Sources */,
				E90D6D561890F3500079E8D9 /* ASRDialogViewController.m in Sources */,
				E9168B8117F29792000C2446 /* AlertView.m in Sources */,
				EFCE18E818D7D9DD00ED3506 /* UnderstandViewController.m in Sources */,
			);
			runOnlyForDeploymentPostprocessing = 0;
		};
/* End PBXSourcesBuildPhase section */

/* Begin PBXVariantGroup section */
		E9706F3F175F383E003B76FC /* InfoPlist.strings */ = {
			isa = PBXVariantGroup;
			children = (
				E9706F40175F383E003B76FC /* en */,
			);
			name = InfoPlist.strings;
			sourceTree = "<group>";
		};
/* End PBXVariantGroup section */

/* Begin XCBuildConfiguration section */
		E9706F51175F383E003B76FC /* Debug */ = {
			isa = XCBuildConfiguration;
			buildSettings = {
				ALWAYS_SEARCH_USER_PATHS = NO;
				CLANG_WARN_BOOL_CONVERSION = YES;
				CLANG_WARN_CONSTANT_CONVERSION = YES;
				CLANG_WARN_EMPTY_BODY = YES;
				CLANG_WARN_ENUM_CONVERSION = YES;
				CLANG_WARN_INT_CONVERSION = YES;
				CLANG_WARN__DUPLICATE_METHOD_MATCH = YES;
				CODE_SIGN_IDENTITY = "iPhone Developer: Jun Mei (M74U3L4G4C)";
				COPY_PHASE_STRIP = NO;
				GCC_C_LANGUAGE_STANDARD = gnu99;
				GCC_DYNAMIC_NO_PIC = NO;
				GCC_OPTIMIZATION_LEVEL = 0;
				GCC_PREPROCESSOR_DEFINITIONS = (
					"DEBUG=1",
					"$(inherited)",
				);
				GCC_SYMBOLS_PRIVATE_EXTERN = NO;
				GCC_VERSION = com.apple.compilers.llvm.clang.1_0;
				GCC_WARN_64_TO_32_BIT_CONVERSION = YES;
				GCC_WARN_ABOUT_MISSING_PROTOTYPES = YES;
				GCC_WARN_ABOUT_RETURN_TYPE = YES;
				GCC_WARN_UNDECLARED_SELECTOR = YES;
				GCC_WARN_UNINITIALIZED_AUTOS = YES;
				GCC_WARN_UNUSED_FUNCTION = YES;
				GCC_WARN_UNUSED_VARIABLE = YES;
				IPHONEOS_DEPLOYMENT_TARGET = 5.1.1;
				ONLY_ACTIVE_ARCH = YES;
				PROVISIONING_PROFILE = "A3C72B68-CF48-4F61-BFF6-AC3B0B5217D9";
				SDKROOT = iphoneos;
				TARGETED_DEVICE_FAMILY = "1,2";
			};
			name = Debug;
		};
		E9706F52175F383E003B76FC /* Release */ = {
			isa = XCBuildConfiguration;
			buildSettings = {
				ALWAYS_SEARCH_USER_PATHS = NO;
				CLANG_WARN_BOOL_CONVERSION = YES;
				CLANG_WARN_CONSTANT_CONVERSION = YES;
				CLANG_WARN_EMPTY_BODY = YES;
				CLANG_WARN_ENUM_CONVERSION = YES;
				CLANG_WARN_INT_CONVERSION = YES;
				CLANG_WARN__DUPLICATE_METHOD_MATCH = YES;
				CODE_SIGN_IDENTITY = "iPhone Developer: Jun Mei (M74U3L4G4C)";
				COPY_PHASE_STRIP = YES;
				GCC_C_LANGUAGE_STANDARD = gnu99;
				GCC_VERSION = com.apple.compilers.llvm.clang.1_0;
				GCC_WARN_64_TO_32_BIT_CONVERSION = YES;
				GCC_WARN_ABOUT_MISSING_PROTOTYPES = YES;
				GCC_WARN_ABOUT_RETURN_TYPE = YES;
				GCC_WARN_UNDECLARED_SELECTOR = YES;
				GCC_WARN_UNINITIALIZED_AUTOS = YES;
				GCC_WARN_UNUSED_FUNCTION = YES;
				GCC_WARN_UNUSED_VARIABLE = YES;
				IPHONEOS_DEPLOYMENT_TARGET = 5.1.1;
				OTHER_CFLAGS = "-DNS_BLOCK_ASSERTIONS=1";
				PROVISIONING_PROFILE = "A3C72B68-CF48-4F61-BFF6-AC3B0B5217D9";
				SDKROOT = iphoneos;
				TARGETED_DEVICE_FAMILY = "1,2";
				VALIDATE_PRODUCT = YES;
			};
			name = Release;
		};
		E9706F54175F383E003B76FC /* Debug */ = {
			isa = XCBuildConfiguration;
			buildSettings = {
				ARCHS = (
					armv7s,
					armv7,
				);
				CLANG_ENABLE_OBJC_ARC = YES;
				CODE_SIGN_IDENTITY = "iPhone Developer: ping cheng (MF544BKY24)";
				FRAMEWORK_SEARCH_PATHS = (
					"$(inherited)",
					"$(SRCROOT)/../../lib",
				);
				GCC_PRECOMPILE_PREFIX_HEADER = YES;
				GCC_PREFIX_HEADER = "MSCDemo/MSCDemo_UI-Prefix.pch";
				INFOPLIST_FILE = "MSCDemo/MSCDemo_UI-Info.plist";
				IPHONEOS_DEPLOYMENT_TARGET = 5.1;
				LIBRARY_SEARCH_PATHS = (
					"$(inherited)",
					"$(PROJECT_DIR)/MSCDemo",
				);
				ONLY_ACTIVE_ARCH = YES;
				PRODUCT_NAME = MSCDemo_UI;
				PROVISIONING_PROFILE = "D85684FF-2A65-44D7-8164-A7A605B357A2";
				RUN_CLANG_STATIC_ANALYZER = YES;
				SDKROOT = iphoneos;
				VALID_ARCHS = "armv7 armv7s";
				WRAPPER_EXTENSION = app;
			};
			name = Debug;
		};
		E9706F55175F383E003B76FC /* Release */ = {
			isa = XCBuildConfiguration;
			buildSettings = {
				ARCHS = (
					armv7s,
					armv7,
				);
				CLANG_ENABLE_OBJC_ARC = YES;
				CODE_SIGN_IDENTITY = "iPhone Developer: ping cheng (MF544BKY24)";
				FRAMEWORK_SEARCH_PATHS = (
					"$(inherited)",
					"$(SRCROOT)/../../lib",
				);
				GCC_PRECOMPILE_PREFIX_HEADER = YES;
				GCC_PREFIX_HEADER = "MSCDemo/MSCDemo_UI-Prefix.pch";
				INFOPLIST_FILE = "MSCDemo/MSCDemo_UI-Info.plist";
				IPHONEOS_DEPLOYMENT_TARGET = 5.1;
				LIBRARY_SEARCH_PATHS = (
					"$(inherited)",
					"$(PROJECT_DIR)/MSCDemo",
				);
				ONLY_ACTIVE_ARCH = YES;
				PRODUCT_NAME = MSCDemo_UI;
				PROVISIONING_PROFILE = "D85684FF-2A65-44D7-8164-A7A605B357A2";
				RUN_CLANG_STATIC_ANALYZER = YES;
				SDKROOT = iphoneos;
				VALID_ARCHS = "armv7 armv7s";
				WRAPPER_EXTENSION = app;
			};
			name = Release;
		};
/* End XCBuildConfiguration section */

/* Begin XCConfigurationList section */
		E9706F2C175F383E003B76FC /* Build configuration list for PBXProject "MSCDemo_UI" */ = {
			isa = XCConfigurationList;
			buildConfigurations = (
				E9706F51175F383E003B76FC /* Debug */,
				E9706F52175F383E003B76FC /* Release */,
			);
			defaultConfigurationIsVisible = 0;
			defaultConfigurationName = Release;
		};
		E9706F53175F383E003B76FC /* Build configuration list for PBXNativeTarget "MSCDemo_UI" */ = {
			isa = XCConfigurationList;
			buildConfigurations = (
				E9706F54175F383E003B76FC /* Debug */,
				E9706F55175F383E003B76FC /* Release */,
			);
			defaultConfigurationIsVisible = 0;
			defaultConfigurationName = Release;
		};
/* End XCConfigurationList section */
	};
	rootObject = E9706F29175F383E003B76FC /* Project object */;
}
